
Microsoft Visual Studio Solution File, Format Version 12.00
# Visual Studio Version 17
VisualStudioVersion = 17.4.33403.182
MinimumVisualStudioVersion = 10.0.40219.1
Project("{FAE04EC0-301F-11D3-BF4B-00C04F79EFBC}") = "Wiwi.GroupRobot.Api", "Wiwi.GroupRobot.Api\Wiwi.GroupRobot.Api.csproj", "{C8839AAF-02C7-4B5D-9024-0471CE840584}"
EndProject
Project("{FAE04EC0-301F-11D3-BF4B-00C04F79EFBC}") = "Wiwi.GroupRobot.Common", "Wiwi.GroupRobot.Common\Wiwi.GroupRobot.Common.csproj", "{AD99D22A-0F08-4C91-847E-63B6198A69BE}"
EndProject
Global
	GlobalSection(SolutionConfigurationPlatforms) = preSolution
		Debug|Any CPU = Debug|Any CPU
		Release|Any CPU = Release|Any CPU
	EndGlobalSection
	GlobalSection(ProjectConfigurationPlatforms) = postSolution
		{C8839AAF-02C7-4B5D-9024-0471CE840584}.Debug|Any CPU.ActiveCfg = Debug|Any CPU
		{C8839AAF-02C7-4B5D-9024-0471CE840584}.Debug|Any CPU.Build.0 = Debug|Any CPU
		{C8839AAF-02C7-4B5D-9024-0471CE840584}.Release|Any CPU.ActiveCfg = Release|Any CPU
		{C8839AAF-02C7-4B5D-9024-0471CE840584}.Release|Any CPU.Build.0 = Release|Any CPU
		{AD99D22A-0F08-4C91-847E-63B6198A69BE}.Debug|Any CPU.ActiveCfg = Debug|Any CPU
		{AD99D22A-0F08-4C91-847E-63B6198A69BE}.Debug|Any CPU.Build.0 = Debug|Any CPU
		{AD99D22A-0F08-4C91-847E-63B6198A69BE}.Release|Any CPU.ActiveCfg = Release|Any CPU
		{AD99D22A-0F08-4C91-847E-63B6198A69BE}.Release|Any CPU.Build.0 = Release|Any CPU
	EndGlobalSection
	GlobalSection(SolutionProperties) = preSolution
		HideSolutionNode = FALSE
	EndGlobalSection
	GlobalSection(ExtensibilityGlobals) = postSolution
		SolutionGuid = {0D3BAFF1-4621-4080-8217-8358D025B77F}
	EndGlobalSection
EndGlobal
